Microsoft Visual Studio Solution File, Format Version 12.00
# Visual Studio Version 17
VisualStudioVersion = 17.5.2.0
MinimumVisualStudioVersion = 10.0.40219.1
Project("{FAE04EC0-301F-11D3-BF4B-00C04F79EFBC}") = "AirTicketSystem", "AirTicketSystem.csproj", "{D65F955C-C9EB-7D87-7633-187D6F6F6FE5}"
EndProject
Global
	GlobalSection(SolutionConfigurationPlatforms) = preSolution
		Debug|Any CPU = Debug|Any CPU
		Release|Any CPU = Release|Any CPU
	EndGlobalSection
	GlobalSection(ProjectConfigurationPlatforms) = postSolution
		{D65F955C-C9EB-7D87-7633-187D6F6F6FE5}.Debug|Any CPU.ActiveCfg = Debug|Any CPU
		{D65F955C-C9EB-7D87-7633-187D6F6F6FE5}.Debug|Any CPU.Build.0 = Debug|Any CPU
		{D65F955C-C9EB-7D87-7633-187D6F6F6FE5}.Release|Any CPU.ActiveCfg = Release|Any CPU
		{D65F955C-C9EB-7D87-7633-187D6F6F6FE5}.Release|Any CPU.Build.0 = Release|Any CPU
	EndGlobalSection
	GlobalSection(SolutionProperties) = preSolution
		HideSolutionNode = FALSE
	EndGlobalSection
	GlobalSection(ExtensibilityGlobals) = postSolution
		SolutionGuid = {D5159CC2-E2FD-46B1-B709-5D0F8A23EC50}
	EndGlobalSection
EndGlobal
